
Microsoft Visual Studio Solution File, Format Version 12.00
Project("{FAE04EC0-301F-11D3-BF4B-00C04F79EFBC}") = "Tuti2", "Tuti2\Tuti2.csproj", "{0C24C0F8-1CA1-47E1-AF79-174ED21F5E7E}"
EndProject
Global
	GlobalSection(SolutionConfigurationPlatforms) = preSolution
		Debug|Any CPU = Debug|Any CPU
		Release|Any CPU = Release|Any CPU
	EndGlobalSection
	GlobalSection(ProjectConfigurationPlatforms) = postSolution
		{0C24C0F8-1CA1-47E1-AF79-174ED21F5E7E}.Debug|Any CPU.ActiveCfg = Debug|Any CPU
		{0C24C0F8-1CA1-47E1-AF79-174ED21F5E7E}.Debug|Any CPU.Build.0 = Debug|Any CPU
		{0C24C0F8-1CA1-47E1-AF79-174ED21F5E7E}.Release|Any CPU.ActiveCfg = Release|Any CPU
		{0C24C0F8-1CA1-47E1-AF79-174ED21F5E7E}.Release|Any CPU.Build.0 = Release|Any CPU
	EndGlobalSection
EndGlobal
